
Microsoft Visual Studio Solution File, Format Version 12.00
# Visual Studio Version 16
VisualStudioVersion = 16.0.30804.86
MinimumVisualStudioVersion = 10.0.40219.1
Project("{2150E333-8FDC-42A3-9474-1A3956D46DE8}") = "Services", "Services", "{E290D843-9412-4632-91EB-4C8C57D94732}"
EndProject
Project("{2150E333-8FDC-42A3-9474-1A3956D46DE8}") = "Catalog", "Catalog", "{B28E4643-1D0B-407E-9E41-289443E60991}"
EndProject
Project("{9A19103F-16F7-4668-BE54-9A1E7A4F7556}") = "Catalog.Api", "Services\Catalog\Catalog.Api\Catalog.Api.csproj", "{61A595E6-560E-4948-9634-123FA1877342}"
EndProject
Project("{E53339B2-1760-4266-BCC7-CA923CBCF16C}") = "docker-compose", "docker-compose.dcproj", "{1E73EBEB-1ADE-4225-9FF6-33FB7F7B9DF1}"
EndProject
Project("{2150E333-8FDC-42A3-9474-1A3956D46DE8}") = "Basket", "Basket", "{A28CAB14-B145-43FC-AB95-ECA3992B3577}"
EndProject
Project("{9A19103F-16F7-4668-BE54-9A1E7A4F7556}") = "Basket.Api", "Services\Basket\Basket.Api\Basket.Api.csproj", "{48B661B8-CFB5-4A90-8912-C1B436C1607B}"
EndProject
Project("{2150E333-8FDC-42A3-9474-1A3956D46DE8}") = "Discount", "Discount", "{27AA5F2A-2178-4CFB-AE22-6185388B28DA}"
EndProject
Project("{9A19103F-16F7-4668-BE54-9A1E7A4F7556}") = "Discount.Api", "Services\Discount\Discount.Api\Discount.Api.csproj", "{4AB6897E-9AF6-4BC5-A50A-2EB90D6D9654}"
EndProject
Project("{9A19103F-16F7-4668-BE54-9A1E7A4F7556}") = "Discount.Grpc", "Services\Discount\Discount.Grpc\Discount.Grpc.csproj", "{89280D4E-4EE7-4810-8FB9-173FA4C99CE0}"
EndProject
Project("{2150E333-8FDC-42A3-9474-1A3956D46DE8}") = "Ordering", "Ordering", "{ACE93DB2-72B6-41E2-A153-42DB1401D1F2}"
EndProject
Project("{9A19103F-16F7-4668-BE54-9A1E7A4F7556}") = "Ordering.Api", "Services\Ordering\Ordering.Api\Ordering.Api.csproj", "{7DDB8E4E-CB33-4D4E-AC71-6F212CD950CC}"
EndProject
Project("{9A19103F-16F7-4668-BE54-9A1E7A4F7556}") = "Ordering.Application", "Services\Ordering\Ordering.Application\Ordering.Application.csproj", "{34A1BBB4-9BFF-4D84-946A-8230E827A877}"
EndProject
Project("{9A19103F-16F7-4668-BE54-9A1E7A4F7556}") = "Ordering.Domain", "Services\Ordering\Ordering.Domain\Ordering.Domain.csproj", "{2B023646-A6C7-49C8-BBCD-0630EB6DF48E}"
EndProject
Project("{9A19103F-16F7-4668-BE54-9A1E7A4F7556}") = "Ordering.Infrastructure", "Services\Ordering\Ordering.Infrastructure\Ordering.Infrastructure.csproj", "{4755B4C3-5F63-41A2-92C2-3F2F1EAAC5DA}"
EndProject
Project("{2150E333-8FDC-42A3-9474-1A3956D46DE8}") = "BuildingBlocks", "BuildingBlocks", "{FF9B3A5D-C2E7-431C-9381-3104F5D2CD20}"
EndProject
Project("{FAE04EC0-301F-11D3-BF4B-00C04F79EFBC}") = "EventBus.Message", "BuildongBlocks\EventBus.Message\EventBus.Message.csproj", "{A7D203C4-FD7F-4097-A5D2-1C14CC8D1C56}"
EndProject
Global
	GlobalSection(SolutionConfigurationPlatforms) = preSolution
		Debug|Any CPU = Debug|Any CPU
		Release|Any CPU = Release|Any CPU
	EndGlobalSection
	GlobalSection(ProjectConfigurationPlatforms) = postSolution
		{61A595E6-560E-4948-9634-123FA1877342}.Debug|Any CPU.ActiveCfg = Debug|Any CPU
		{61A595E6-560E-4948-9634-123FA1877342}.Debug|Any CPU.Build.0 = Debug|Any CPU
		{61A595E6-560E-4948-9634-123FA1877342}.Release|Any CPU.ActiveCfg = Release|Any CPU
		{61A595E6-560E-4948-9634-123FA1877342}.Release|Any CPU.Build.0 = Release|Any CPU
		{1E73EBEB-1ADE-4225-9FF6-33FB7F7B9DF1}.Debug|Any CPU.ActiveCfg = Debug|Any CPU
		{1E73EBEB-1ADE-4225-9FF6-33FB7F7B9DF1}.Debug|Any CPU.Build.0 = Debug|Any CPU
		{1E73EBEB-1ADE-4225-9FF6-33FB7F7B9DF1}.Release|Any CPU.ActiveCfg = Release|Any CPU
		{1E73EBEB-1ADE-4225-9FF6-33FB7F7B9DF1}.Release|Any CPU.Build.0 = Release|Any CPU
		{48B661B8-CFB5-4A90-8912-C1B436C1607B}.Debug|Any CPU.ActiveCfg = Debug|Any CPU
		{48B661B8-CFB5-4A90-8912-C1B436C1607B}.Debug|Any CPU.Build.0 = Debug|Any CPU
		{48B661B8-CFB5-4A90-8912-C1B436C1607B}.Release|Any CPU.ActiveCfg = Release|Any CPU
		{48B661B8-CFB5-4A90-8912-C1B436C1607B}.Release|Any CPU.Build.0 = Release|Any CPU
		{4AB6897E-9AF6-4BC5-A50A-2EB90D6D9654}.Debug|Any CPU.ActiveCfg = Debug|Any CPU
		{4AB6897E-9AF6-4BC5-A50A-2EB90D6D9654}.Debug|Any CPU.Build.0 = Debug|Any CPU
		{4AB6897E-9AF6-4BC5-A50A-2EB90D6D9654}.Release|Any CPU.ActiveCfg = Release|Any CPU
		{4AB6897E-9AF6-4BC5-A50A-2EB90D6D9654}.Release|Any CPU.Build.0 = Release|Any CPU
		{89280D4E-4EE7-4810-8FB9-173FA4C99CE0}.Debug|Any CPU.ActiveCfg = Debug|Any CPU
		{89280D4E-4EE7-4810-8FB9-173FA4C99CE0}.Debug|Any CPU.Build.0 = Debug|Any CPU
		{89280D4E-4EE7-4810-8FB9-173FA4C99CE0}.Release|Any CPU.ActiveCfg = Release|Any CPU
		{89280D4E-4EE7-4810-8FB9-173FA4C99CE0}.Release|Any CPU.Build.0 = Release|Any CPU
		{7DDB8E4E-CB33-4D4E-AC71-6F212CD950CC}.Debug|Any CPU.ActiveCfg = Debug|Any CPU
		{7DDB8E4E-CB33-4D4E-AC71-6F212CD950CC}.Debug|Any CPU.Build.0 = Debug|Any CPU
		{7DDB8E4E-CB33-4D4E-AC71-6F212CD950CC}.Release|Any CPU.ActiveCfg = Release|Any CPU
		{7DDB8E4E-CB33-4D4E-AC71-6F212CD950CC}.Release|Any CPU.Build.0 = Release|Any CPU
		{34A1BBB4-9BFF-4D84-946A-8230E827A877}.Debug|Any CPU.ActiveCfg = Debug|Any CPU
		{34A1BBB4-9BFF-4D84-946A-8230E827A877}.Debug|Any CPU.Build.0 = Debug|Any CPU
		{34A1BBB4-9BFF-4D84-946A-8230E827A877}.Release|Any CPU.ActiveCfg = Release|Any CPU
		{34A1BBB4-9BFF-4D84-946A-8230E827A877}.Release|Any CPU.Build.0 = Release|Any CPU
		{2B023646-A6C7-49C8-BBCD-0630EB6DF48E}.Debug|Any CPU.ActiveCfg = Debug|Any CPU
		{2B023646-A6C7-49C8-BBCD-0630EB6DF48E}.Debug|Any CPU.Build.0 = Debug|Any CPU
		{2B023646-A6C7-49C8-BBCD-0630EB6DF48E}.Release|Any CPU.ActiveCfg = Release|Any CPU
		{2B023646-A6C7-49C8-BBCD-0630EB6DF48E}.Release|Any CPU.Build.0 = Release|Any CPU
		{4755B4C3-5F63-41A2-92C2-3F2F1EAAC5DA}.Debug|Any CPU.ActiveCfg = Debug|Any CPU
		{4755B4C3-5F63-41A2-92C2-3F2F1EAAC5DA}.Debug|Any CPU.Build.0 = Debug|Any CPU
		{4755B4C3-5F63-41A2-92C2-3F2F1EAAC5DA}.Release|Any CPU.ActiveCfg = Release|Any CPU
		{4755B4C3-5F63-41A2-92C2-3F2F1EAAC5DA}.Release|Any CPU.Build.0 = Release|Any CPU
		{A7D203C4-FD7F-4097-A5D2-1C14CC8D1C56}.Debug|Any CPU.ActiveCfg = Debug|Any CPU
		{A7D203C4-FD7F-4097-A5D2-1C14CC8D1C56}.Debug|Any CPU.Build.0 = Debug|Any CPU
		{A7D203C4-FD7F-4097-A5D2-1C14CC8D1C56}.Release|Any CPU.ActiveCfg = Release|Any CPU
		{A7D203C4-FD7F-4097-A5D2-1C14CC8D1C56}.Release|Any CPU.Build.0 = Release|Any CPU
	EndGlobalSection
	GlobalSection(SolutionProperties) = preSolution
		HideSolutionNode = FALSE
	EndGlobalSection
	GlobalSection(NestedProjects) = preSolution
		{B28E4643-1D0B-407E-9E41-289443E60991} = {E290D843-9412-4632-91EB-4C8C57D94732}
		{61A595E6-560E-4948-9634-123FA1877342} = {B28E4643-1D0B-407E-9E41-289443E60991}
		{A28CAB14-B145-43FC-AB95-ECA3992B3577} = {E290D843-9412-4632-91EB-4C8C57D94732}
		{48B661B8-CFB5-4A90-8912-C1B436C1607B} = {A28CAB14-B145-43FC-AB95-ECA3992B3577}
		{27AA5F2A-2178-4CFB-AE22-6185388B28DA} = {E290D843-9412-4632-91EB-4C8C57D94732}
		{4AB6897E-9AF6-4BC5-A50A-2EB90D6D9654} = {27AA5F2A-2178-4CFB-AE22-6185388B28DA}
		{89280D4E-4EE7-4810-8FB9-173FA4C99CE0} = {27AA5F2A-2178-4CFB-AE22-6185388B28DA}
		{ACE93DB2-72B6-41E2-A153-42DB1401D1F2} = {E290D843-9412-4632-91EB-4C8C57D94732}
		{7DDB8E4E-CB33-4D4E-AC71-6F212CD950CC} = {ACE93DB2-72B6-41E2-A153-42DB1401D1F2}
		{34A1BBB4-9BFF-4D84-946A-8230E827A877} = {ACE93DB2-72B6-41E2-A153-42DB1401D1F2}
		{2B023646-A6C7-49C8-BBCD-0630EB6DF48E} = {ACE93DB2-72B6-41E2-A153-42DB1401D1F2}
		{4755B4C3-5F63-41A2-92C2-3F2F1EAAC5DA} = {ACE93DB2-72B6-41E2-A153-42DB1401D1F2}
		{A7D203C4-FD7F-4097-A5D2-1C14CC8D1C56} = {FF9B3A5D-C2E7-431C-9381-3104F5D2CD20}
	EndGlobalSection
	GlobalSection(ExtensibilityGlobals) = postSolution
		SolutionGuid = {E8EEF6AB-0E72-4A34-A3E5-9B0B0BFD4367}
	EndGlobalSection
EndGlobal
